
Microsoft Visual Studio Solution File, Format Version 12.00
# Visual Studio Version 16
VisualStudioVersion = 16.0.29613.14
MinimumVisualStudioVersion = 10.0.40219.1
Project("{FAE04EC0-301F-11D3-BF4B-00C04F79EFBC}") = "ArtPlantMall.Android", "ArtPlantMall.Android\ArtPlantMall.Android.csproj", "{CCB912FE-81B2-4628-9AAA-B8A431015A5E}"
EndProject
Project("{FAE04EC0-301F-11D3-BF4B-00C04F79EFBC}") = "ArtPlantMall.iOS", "ArtPlantMall.iOS\ArtPlantMall.iOS.csproj", "{A8C56F9A-276E-48B7-9F6E-61BFEDB790E3}"
EndProject
Project("{FAE04EC0-301F-11D3-BF4B-00C04F79EFBC}") = "ArtPlantMall", "ArtPlantMall\ArtPlantMall.csproj", "{DAD12FC3-ED9B-462A-BCD6-679D6E714499}"
EndProject
Global
	GlobalSection(SolutionConfigurationPlatforms) = preSolution
		Debug|Any CPU = Debug|Any CPU
		Debug|iPhone = Debug|iPhone
		Debug|iPhoneSimulator = Debug|iPhoneSimulator
		Release|Any CPU = Release|Any CPU
		Release|iPhone = Release|iPhone
		Release|iPhoneSimulator = Release|iPhoneSimulator
	EndGlobalSection
	GlobalSection(ProjectConfigurationPlatforms) = postSolution
		{CCB912FE-81B2-4628-9AAA-B8A431015A5E}.Debug|Any CPU.ActiveCfg = Debug|Any CPU
		{CCB912FE-81B2-4628-9AAA-B8A431015A5E}.Debug|Any CPU.Build.0 = Debug|Any CPU
		{CCB912FE-81B2-4628-9AAA-B8A431015A5E}.Debug|Any CPU.Deploy.0 = Debug|Any CPU
		{CCB912FE-81B2-4628-9AAA-B8A431015A5E}.Debug|iPhone.ActiveCfg = Debug|Any CPU
		{CCB912FE-81B2-4628-9AAA-B8A431015A5E}.Debug|iPhone.Build.0 = Debug|Any CPU
		{CCB912FE-81B2-4628-9AAA-B8A431015A5E}.Debug|iPhone.Deploy.0 = Debug|Any CPU
		{CCB912FE-81B2-4628-9AAA-B8A431015A5E}.Debug|iPhoneSimulator.ActiveCfg = Debug|Any CPU
		{CCB912FE-81B2-4628-9AAA-B8A431015A5E}.Debug|iPhoneSimulator.Build.0 = Debug|Any CPU
		{CCB912FE-81B2-4628-9AAA-B8A431015A5E}.Debug|iPhoneSimulator.Deploy.0 = Debug|Any CPU
		{CCB912FE-81B2-4628-9AAA-B8A431015A5E}.Release|Any CPU.ActiveCfg = Release|Any CPU
		{CCB912FE-81B2-4628-9AAA-B8A431015A5E}.Release|Any CPU.Build.0 = Release|Any CPU
		{CCB912FE-81B2-4628-9AAA-B8A431015A5E}.Release|Any CPU.Deploy.0 = Release|Any CPU
		{CCB912FE-81B2-4628-9AAA-B8A431015A5E}.Release|iPhone.ActiveCfg = Release|Any CPU
		{CCB912FE-81B2-4628-9AAA-B8A431015A5E}.Release|iPhone.Build.0 = Release|Any CPU
		{CCB912FE-81B2-4628-9AAA-B8A431015A5E}.Release|iPhone.Deploy.0 = Release|Any CPU
		{CCB912FE-81B2-4628-9AAA-B8A431015A5E}.Release|iPhoneSimulator.ActiveCfg = Release|Any CPU
		{CCB912FE-81B2-4628-9AAA-B8A431015A5E}.Release|iPhoneSimulator.Build.0 = Release|Any CPU
		{CCB912FE-81B2-4628-9AAA-B8A431015A5E}.Release|iPhoneSimulator.Deploy.0 = Release|Any CPU
		{A8C56F9A-276E-48B7-9F6E-61BFEDB790E3}.Debug|Any CPU.ActiveCfg = Debug|iPhoneSimulator
		{A8C56F9A-276E-48B7-9F6E-61BFEDB790E3}.Debug|Any CPU.Build.0 = Debug|iPhoneSimulator
		{A8C56F9A-276E-48B7-9F6E-61BFEDB790E3}.Debug|Any CPU.Deploy.0 = Debug|iPhoneSimulator
		{A8C56F9A-276E-48B7-9F6E-61BFEDB790E3}.Debug|iPhone.ActiveCfg = Debug|iPhone
		{A8C56F9A-276E-48B7-9F6E-61BFEDB790E3}.Debug|iPhone.Build.0 = Debug|iPhone
		{A8C56F9A-276E-48B7-9F6E-61BFEDB790E3}.Debug|iPhone.Deploy.0 = Debug|iPhone
		{A8C56F9A-276E-48B7-9F6E-61BFEDB790E3}.Debug|iPhoneSimulator.ActiveCfg = Debug|iPhoneSimulator
		{A8C56F9A-276E-48B7-9F6E-61BFEDB790E3}.Debug|iPhoneSimulator.Build.0 = Debug|iPhoneSimulator
		{A8C56F9A-276E-48B7-9F6E-61BFEDB790E3}.Debug|iPhoneSimulator.Deploy.0 = Debug|iPhoneSimulator
		{A8C56F9A-276E-48B7-9F6E-61BFEDB790E3}.Release|Any CPU.ActiveCfg = Release|iPhone
		{A8C56F9A-276E-48B7-9F6E-61BFEDB790E3}.Release|Any CPU.Build.0 = Release|iPhone
		{A8C56F9A-276E-48B7-9F6E-61BFEDB790E3}.Release|Any CPU.Deploy.0 = Release|iPhone
		{A8C56F9A-276E-48B7-9F6E-61BFEDB790E3}.Release|iPhone.ActiveCfg = Release|iPhone
		{A8C56F9A-276E-48B7-9F6E-61BFEDB790E3}.Release|iPhone.Build.0 = Release|iPhone
		{A8C56F9A-276E-48B7-9F6E-61BFEDB790E3}.Release|iPhone.Deploy.0 = Release|iPhone
		{A8C56F9A-276E-48B7-9F6E-61BFEDB790E3}.Release|iPhoneSimulator.ActiveCfg = Release|iPhoneSimulator
		{A8C56F9A-276E-48B7-9F6E-61BFEDB790E3}.Release|iPhoneSimulator.Build.0 = Release|iPhoneSimulator
		{A8C56F9A-276E-48B7-9F6E-61BFEDB790E3}.Release|iPhoneSimulator.Deploy.0 = Release|iPhoneSimulator
		{DAD12FC3-ED9B-462A-BCD6-679D6E714499}.Debug|Any CPU.ActiveCfg = Debug|Any CPU
		{DAD12FC3-ED9B-462A-BCD6-679D6E714499}.Debug|Any CPU.Build.0 = Debug|Any CPU
		{DAD12FC3-ED9B-462A-BCD6-679D6E714499}.Debug|Any CPU.Deploy.0 = Debug|Any CPU
		{DAD12FC3-ED9B-462A-BCD6-679D6E714499}.Debug|iPhone.ActiveCfg = Debug|Any CPU
		{DAD12FC3-ED9B-462A-BCD6-679D6E714499}.Debug|iPhone.Build.0 = Debug|Any CPU
		{DAD12FC3-ED9B-462A-BCD6-679D6E714499}.Debug|iPhone.Deploy.0 = Debug|Any CPU
		{DAD12FC3-ED9B-462A-BCD6-679D6E714499}.Debug|iPhoneSimulator.ActiveCfg = Debug|Any CPU
		{DAD12FC3-ED9B-462A-BCD6-679D6E714499}.Debug|iPhoneSimulator.Build.0 = Debug|Any CPU
		{DAD12FC3-ED9B-462A-BCD6-679D6E714499}.Debug|iPhoneSimulator.Deploy.0 = Debug|Any CPU
		{DAD12FC3-ED9B-462A-BCD6-679D6E714499}.Release|Any CPU.ActiveCfg = Release|Any CPU
		{DAD12FC3-ED9B-462A-BCD6-679D6E714499}.Release|Any CPU.Build.0 = Release|Any CPU
		{DAD12FC3-ED9B-462A-BCD6-679D6E714499}.Release|Any CPU.Deploy.0 = Release|Any CPU
		{DAD12FC3-ED9B-462A-BCD6-679D6E714499}.Release|iPhone.ActiveCfg = Release|Any CPU
		{DAD12FC3-ED9B-462A-BCD6-679D6E714499}.Release|iPhone.Build.0 = Release|Any CPU
		{DAD12FC3-ED9B-462A-BCD6-679D6E714499}.Release|iPhone.Deploy.0 = Release|Any CPU
		{DAD12FC3-ED9B-462A-BCD6-679D6E714499}.Release|iPhoneSimulator.ActiveCfg = Release|Any CPU
		{DAD12FC3-ED9B-462A-BCD6-679D6E714499}.Release|iPhoneSimulator.Build.0 = Release|Any CPU
		{DAD12FC3-ED9B-462A-BCD6-679D6E714499}.Release|iPhoneSimulator.Deploy.0 = Release|Any CPU
	EndGlobalSection
	GlobalSection(SolutionProperties) = preSolution
		HideSolutionNode = FALSE
	EndGlobalSection
	GlobalSection(ExtensibilityGlobals) = postSolution
		SolutionGuid = {B90D0B62-C4DC-4D5D-B350-A0F850466AEA}
	EndGlobalSection
EndGlobal
